
Microsoft Visual Studio Solution File, Format Version 12.00
# Visual Studio Version 17
VisualStudioVersion = 17.8.0.0
MinimumVisualStudioVersion = 17.8.0.0
Project("{9A19103F-16F7-4668-BE54-9A1E7A4F7556}") = "LastZBot.AppHost", "LastZBot.AppHost\LastZBot.AppHost.csproj", "{A20B507C-4C4D-4271-862F-48C419BD1F33}"
EndProject
Project("{9A19103F-16F7-4668-BE54-9A1E7A4F7556}") = "LastZBot.ServiceDefaults", "LastZBot.ServiceDefaults\LastZBot.ServiceDefaults.csproj", "{1552633C-0FD4-4662-AF33-D3FA685A7DD0}"
EndProject
Project("{9A19103F-16F7-4668-BE54-9A1E7A4F7556}") = "LastZBot.ApiService", "LastZBot.ApiService\LastZBot.ApiService.csproj", "{EA524EB5-87B5-45C7-8BD7-50A94A1A945F}"
EndProject
Project("{9A19103F-16F7-4668-BE54-9A1E7A4F7556}") = "LastZBot.Web", "LastZBot.Web\LastZBot.Web.csproj", "{CBAA1822-DDC7-4E08-B7BE-8049445AF487}"
EndProject
Project("{FAE04EC0-301F-11D3-BF4B-00C04F79EFBC}") = "LastZBot.BotService", "LastZBot.BotService\LastZBot.BotService.csproj", "{4E2DFE15-F099-4B2D-80DB-F1F3ABCBE051}"
EndProject
Project("{2150E333-8FDC-42A3-9474-1A3956D46DE8}") = "1 Source", "1 Source", "{F0A4E9E1-6B2A-4F1A-98C3-B4716A8C1111}"
EndProject
Project("{2150E333-8FDC-42A3-9474-1A3956D46DE8}") = "10 Solutions files", "10 Solutions files", "{F0A4E9E1-6B2A-4F1A-98C3-B4716A8C2222}"
	ProjectSection(SolutionItems) = preProject
		LICENSE.md = LICENSE.md
		README.md = README.md
		last-z-bot-mvp-spec.md = last-z-bot-mvp-spec.md
	EndProjectSection
EndProject
Project("{2150E333-8FDC-42A3-9474-1A3956D46DE8}") = "9 Tools", "9 Tools", "{F0A4E9E1-6B2A-4F1A-98C3-B4716A8C3333}"
EndProject
Global
	GlobalSection(SolutionConfigurationPlatforms) = preSolution
		Debug|Any CPU = Debug|Any CPU
		Debug|x64 = Debug|x64
		Debug|x86 = Debug|x86
		Release|Any CPU = Release|Any CPU
		Release|x64 = Release|x64
		Release|x86 = Release|x86
	EndGlobalSection
	GlobalSection(ProjectConfigurationPlatforms) = postSolution
		{A20B507C-4C4D-4271-862F-48C419BD1F33}.Debug|Any CPU.ActiveCfg = Debug|Any CPU
		{A20B507C-4C4D-4271-862F-48C419BD1F33}.Debug|Any CPU.Build.0 = Debug|Any CPU
		{A20B507C-4C4D-4271-862F-48C419BD1F33}.Debug|x64.ActiveCfg = Debug|Any CPU
		{A20B507C-4C4D-4271-862F-48C419BD1F33}.Debug|x64.Build.0 = Debug|Any CPU
		{A20B507C-4C4D-4271-862F-48C419BD1F33}.Debug|x86.ActiveCfg = Debug|Any CPU
		{A20B507C-4C4D-4271-862F-48C419BD1F33}.Debug|x86.Build.0 = Debug|Any CPU
		{A20B507C-4C4D-4271-862F-48C419BD1F33}.Release|Any CPU.ActiveCfg = Release|Any CPU
		{A20B507C-4C4D-4271-862F-48C419BD1F33}.Release|Any CPU.Build.0 = Release|Any CPU
		{A20B507C-4C4D-4271-862F-48C419BD1F33}.Release|x64.ActiveCfg = Release|Any CPU
		{A20B507C-4C4D-4271-862F-48C419BD1F33}.Release|x64.Build.0 = Release|Any CPU
		{A20B507C-4C4D-4271-862F-48C419BD1F33}.Release|x86.ActiveCfg = Release|Any CPU
		{A20B507C-4C4D-4271-862F-48C419BD1F33}.Release|x86.Build.0 = Release|Any CPU
		{1552633C-0FD4-4662-AF33-D3FA685A7DD0}.Debug|Any CPU.ActiveCfg = Debug|Any CPU
		{1552633C-0FD4-4662-AF33-D3FA685A7DD0}.Debug|Any CPU.Build.0 = Debug|Any CPU
		{1552633C-0FD4-4662-AF33-D3FA685A7DD0}.Debug|x64.ActiveCfg = Debug|Any CPU
		{1552633C-0FD4-4662-AF33-D3FA685A7DD0}.Debug|x64.Build.0 = Debug|Any CPU
		{1552633C-0FD4-4662-AF33-D3FA685A7DD0}.Debug|x86.ActiveCfg = Debug|Any CPU
		{1552633C-0FD4-4662-AF33-D3FA685A7DD0}.Debug|x86.Build.0 = Debug|Any CPU
		{1552633C-0FD4-4662-AF33-D3FA685A7DD0}.Release|Any CPU.ActiveCfg = Release|Any CPU
		{1552633C-0FD4-4662-AF33-D3FA685A7DD0}.Release|Any CPU.Build.0 = Release|Any CPU
		{1552633C-0FD4-4662-AF33-D3FA685A7DD0}.Release|x64.ActiveCfg = Release|Any CPU
		{1552633C-0FD4-4662-AF33-D3FA685A7DD0}.Release|x64.Build.0 = Release|Any CPU
		{1552633C-0FD4-4662-AF33-D3FA685A7DD0}.Release|x86.ActiveCfg = Release|Any CPU
		{1552633C-0FD4-4662-AF33-D3FA685A7DD0}.Release|x86.Build.0 = Release|Any CPU
		{EA524EB5-87B5-45C7-8BD7-50A94A1A945F}.Debug|Any CPU.ActiveCfg = Debug|Any CPU
		{EA524EB5-87B5-45C7-8BD7-50A94A1A945F}.Debug|Any CPU.Build.0 = Debug|Any CPU
		{EA524EB5-87B5-45C7-8BD7-50A94A1A945F}.Debug|x64.ActiveCfg = Debug|Any CPU
		{EA524EB5-87B5-45C7-8BD7-50A94A1A945F}.Debug|x64.Build.0 = Debug|Any CPU
		{EA524EB5-87B5-45C7-8BD7-50A94A1A945F}.Debug|x86.ActiveCfg = Debug|Any CPU
		{EA524EB5-87B5-45C7-8BD7-50A94A1A945F}.Debug|x86.Build.0 = Debug|Any CPU
		{EA524EB5-87B5-45C7-8BD7-50A94A1A945F}.Release|Any CPU.ActiveCfg = Release|Any CPU
		{EA524EB5-87B5-45C7-8BD7-50A94A1A945F}.Release|Any CPU.Build.0 = Release|Any CPU
		{EA524EB5-87B5-45C7-8BD7-50A94A1A945F}.Release|x64.ActiveCfg = Release|Any CPU
		{EA524EB5-87B5-45C7-8BD7-50A94A1A945F}.Release|x64.Build.0 = Release|Any CPU
		{EA524EB5-87B5-45C7-8BD7-50A94A1A945F}.Release|x86.ActiveCfg = Release|Any CPU
		{EA524EB5-87B5-45C7-8BD7-50A94A1A945F}.Release|x86.Build.0 = Release|Any CPU
		{CBAA1822-DDC7-4E08-B7BE-8049445AF487}.Debug|Any CPU.ActiveCfg = Debug|Any CPU
		{CBAA1822-DDC7-4E08-B7BE-8049445AF487}.Debug|Any CPU.Build.0 = Debug|Any CPU
		{CBAA1822-DDC7-4E08-B7BE-8049445AF487}.Debug|x64.ActiveCfg = Debug|Any CPU
		{CBAA1822-DDC7-4E08-B7BE-8049445AF487}.Debug|x64.Build.0 = Debug|Any CPU
		{CBAA1822-DDC7-4E08-B7BE-8049445AF487}.Debug|x86.ActiveCfg = Debug|Any CPU
		{CBAA1822-DDC7-4E08-B7BE-8049445AF487}.Debug|x86.Build.0 = Debug|Any CPU
		{CBAA1822-DDC7-4E08-B7BE-8049445AF487}.Release|Any CPU.ActiveCfg = Release|Any CPU
		{CBAA1822-DDC7-4E08-B7BE-8049445AF487}.Release|Any CPU.Build.0 = Release|Any CPU
		{CBAA1822-DDC7-4E08-B7BE-8049445AF487}.Release|x64.ActiveCfg = Release|Any CPU
		{CBAA1822-DDC7-4E08-B7BE-8049445AF487}.Release|x64.Build.0 = Release|Any CPU
		{CBAA1822-DDC7-4E08-B7BE-8049445AF487}.Release|x86.ActiveCfg = Release|Any CPU
		{CBAA1822-DDC7-4E08-B7BE-8049445AF487}.Release|x86.Build.0 = Release|Any CPU
		{4E2DFE15-F099-4B2D-80DB-F1F3ABCBE051}.Debug|Any CPU.ActiveCfg = Debug|Any CPU
		{4E2DFE15-F099-4B2D-80DB-F1F3ABCBE051}.Debug|Any CPU.Build.0 = Debug|Any CPU
		{4E2DFE15-F099-4B2D-80DB-F1F3ABCBE051}.Debug|x64.ActiveCfg = Debug|Any CPU
		{4E2DFE15-F099-4B2D-80DB-F1F3ABCBE051}.Debug|x64.Build.0 = Debug|Any CPU
		{4E2DFE15-F099-4B2D-80DB-F1F3ABCBE051}.Debug|x86.ActiveCfg = Debug|Any CPU
		{4E2DFE15-F099-4B2D-80DB-F1F3ABCBE051}.Debug|x86.Build.0 = Debug|Any CPU
		{4E2DFE15-F099-4B2D-80DB-F1F3ABCBE051}.Release|Any CPU.ActiveCfg = Release|Any CPU
		{4E2DFE15-F099-4B2D-80DB-F1F3ABCBE051}.Release|Any CPU.Build.0 = Release|Any CPU
		{4E2DFE15-F099-4B2D-80DB-F1F3ABCBE051}.Release|x64.ActiveCfg = Release|Any CPU
		{4E2DFE15-F099-4B2D-80DB-F1F3ABCBE051}.Release|x64.Build.0 = Release|Any CPU
		{4E2DFE15-F099-4B2D-80DB-F1F3ABCBE051}.Release|x86.ActiveCfg = Release|Any CPU
		{4E2DFE15-F099-4B2D-80DB-F1F3ABCBE051}.Release|x86.Build.0 = Release|Any CPU
	EndGlobalSection
	GlobalSection(SolutionProperties) = preSolution
		HideSolutionNode = FALSE
	EndGlobalSection
	GlobalSection(ExtensibilityGlobals) = postSolution
		SolutionGuid = {451105F2-E840-4AC6-8DC4-117447EC271D}
	EndGlobalSection
	GlobalSection(NestedProjects) = preSolution
		{EA524EB5-87B5-45C7-8BD7-50A94A1A945F} = {F0A4E9E1-6B2A-4F1A-98C3-B4716A8C1111}
		{CBAA1822-DDC7-4E08-B7BE-8049445AF487} = {F0A4E9E1-6B2A-4F1A-98C3-B4716A8C1111}
		{4E2DFE15-F099-4B2D-80DB-F1F3ABCBE051} = {F0A4E9E1-6B2A-4F1A-98C3-B4716A8C1111}
		{A20B507C-4C4D-4271-862F-48C419BD1F33} = {F0A4E9E1-6B2A-4F1A-98C3-B4716A8C3333}
		{1552633C-0FD4-4662-AF33-D3FA685A7DD0} = {F0A4E9E1-6B2A-4F1A-98C3-B4716A8C3333}
	EndGlobalSection
EndGlobal
